
Microsoft Visual Studio Solution File, Format Version 12.00
# Visual Studio Version 17
VisualStudioVersion = 17.6.33801.468
MinimumVisualStudioVersion = 10.0.40219.1
Project("{FAE04EC0-301F-11D3-BF4B-00C04F79EFBC}") = "IsNumber", "IsNumber\IsNumber.csproj", "{DD9C1DC0-E66F-4FDF-820E-0C016E1C548D}"
EndProject
Global
	GlobalSection(SolutionConfigurationPlatforms) = preSolution
		Debug|Any CPU = Debug|Any CPU
		Release|Any CPU = Release|Any CPU
	EndGlobalSection
	GlobalSection(ProjectConfigurationPlatforms) = postSolution
		{DD9C1DC0-E66F-4FDF-820E-0C016E1C548D}.Debug|Any CPU.ActiveCfg = Debug|Any CPU
		{DD9C1DC0-E66F-4FDF-820E-0C016E1C548D}.Debug|Any CPU.Build.0 = Debug|Any CPU
		{DD9C1DC0-E66F-4FDF-820E-0C016E1C548D}.Release|Any CPU.ActiveCfg = Release|Any CPU
		{DD9C1DC0-E66F-4FDF-820E-0C016E1C548D}.Release|Any CPU.Build.0 = Release|Any CPU
	EndGlobalSection
	GlobalSection(SolutionProperties) = preSolution
		HideSolutionNode = FALSE
	EndGlobalSection
	GlobalSection(ExtensibilityGlobals) = postSolution
		SolutionGuid = {328DFD5E-CDD7-489C-B6F1-305C1C8A94AD}
	EndGlobalSection
EndGlobal
